
Microsoft Visual Studio Solution File, Format Version 12.00
# Visual Studio Version 17
VisualStudioVersion = 17.10.35027.167
MinimumVisualStudioVersion = 10.0.40219.1
Project("{2150E333-8FDC-42A3-9474-1A3956D46DE8}") = "Services", "Services", "{2F4428FC-2C8C-400A-8BA8-040CED52522B}"
EndProject
Project("{2150E333-8FDC-42A3-9474-1A3956D46DE8}") = "Catalog", "Catalog", "{8198DC4A-51AB-496B-B0ED-9A81250DAB1B}"
EndProject
Project("{FAE04EC0-301F-11D3-BF4B-00C04F79EFBC}") = "Multishop.Catalog", "Services\Catalog\Multishop.Catalog\Multishop.Catalog.csproj", "{D7471AD1-952C-4E0D-9526-0F45824489A7}"
EndProject
Project("{2150E333-8FDC-42A3-9474-1A3956D46DE8}") = "Discount", "Discount", "{02EA681E-C7D8-13C7-8484-4AC65E1B71E8}"
EndProject
Project("{FAE04EC0-301F-11D3-BF4B-00C04F79EFBC}") = "Multishop.Discount", "Services\Discount\Multishop.Discount\Multishop.Discount.csproj", "{83854B05-C7A9-4FC8-A975-AF7419B3F408}"
EndProject
Project("{2150E333-8FDC-42A3-9474-1A3956D46DE8}") = "Order", "Order", "{ED7D77C6-18BF-468E-B73F-4F8520CB79F1}"
EndProject
Project("{2150E333-8FDC-42A3-9474-1A3956D46DE8}") = "Core", "Core", "{8E2F3201-EE0F-4A17-B6B2-B597B373E471}"
EndProject
Project("{2150E333-8FDC-42A3-9474-1A3956D46DE8}") = "Infrastructure", "Infrastructure", "{EA6A61DB-DB21-48BE-8C99-C77B0D717748}"
EndProject
Project("{2150E333-8FDC-42A3-9474-1A3956D46DE8}") = "Presentation", "Presentation", "{FDEB6A7F-C617-4F9A-878F-785A5CD24168}"
EndProject
Project("{FAE04EC0-301F-11D3-BF4B-00C04F79EFBC}") = "Multishop.Order.Domain", "Services\Order\Core\Multishop.Order.Domain\Multishop.Order.Domain.csproj", "{76FC04F0-70F3-4EB3-AF7E-2CE1663F6746}"
EndProject
Project("{FAE04EC0-301F-11D3-BF4B-00C04F79EFBC}") = "Multishop.Order.Application", "Services\Order\Core\Multishop.Order.Application\Multishop.Order.Application.csproj", "{F17E4E65-1605-475D-B450-FCFF823F4BDF}"
EndProject
Project("{FAE04EC0-301F-11D3-BF4B-00C04F79EFBC}") = "Multishop.Order.Persistence", "Services\Order\Infrastructure\Multishop.Order.Persistence\Multishop.Order.Persistence.csproj", "{DFB020EE-F8E6-4891-BAE9-CA4849F8EF9E}"
EndProject
Project("{FAE04EC0-301F-11D3-BF4B-00C04F79EFBC}") = "Multishop.Order.WebApi", "Services\Order\Presentation\Multishop.Order.WebApi\Multishop.Order.WebApi.csproj", "{EEC7BB6D-1B2F-4BD7-846F-ABA340B3812F}"
EndProject
Project("{2150E333-8FDC-42A3-9474-1A3956D46DE8}") = "IdentityServer", "IdentityServer", "{01D7C5BA-899D-4253-AC90-5BF3F3275DAB}"
EndProject
Project("{FAE04EC0-301F-11D3-BF4B-00C04F79EFBC}") = "Multishop.IdentityServer", "IdentityServer\Multishop.IdentityServer\Multishop.IdentityServer.csproj", "{EA14094F-FB55-5ABC-1402-B4229C4AD0B1}"
EndProject
Project("{2150E333-8FDC-42A3-9474-1A3956D46DE8}") = "Cargo", "Cargo", "{70C122EA-A3A1-4CB3-9039-D773EA9151A1}"
EndProject
Project("{FAE04EC0-301F-11D3-BF4B-00C04F79EFBC}") = "Multishop.Cargo.EntityLayer", "Services\Cargo\Multishop.Cargo.EntityLayer\Multishop.Cargo.EntityLayer.csproj", "{D77694F1-4653-43F8-AD47-C032877E12C3}"
EndProject
Project("{FAE04EC0-301F-11D3-BF4B-00C04F79EFBC}") = "Multishop.Cargo.BusinessLayer", "Services\Cargo\Multishop.Cargo.BusinessLayer\Multishop.Cargo.BusinessLayer.csproj", "{D97C986A-AC6F-4321-8835-39F7382E26B7}"
EndProject
Project("{FAE04EC0-301F-11D3-BF4B-00C04F79EFBC}") = "Multishop.Cargo.DataAccessLayer", "Services\Cargo\Multishop.Cargo.DataAccessLayer\Multishop.Cargo.DataAccessLayer.csproj", "{23360DDC-6831-4D5A-BEA1-EF81F59E045C}"
EndProject
Project("{FAE04EC0-301F-11D3-BF4B-00C04F79EFBC}") = "Multishop.Cargo.WebAPI", "Services\Cargo\Multishop.Cargo.WebAPI\Multishop.Cargo.WebAPI.csproj", "{3ADB41B2-6A42-4287-ADDE-902D1932BBD1}"
EndProject
Project("{FAE04EC0-301F-11D3-BF4B-00C04F79EFBC}") = "Multishop.Cargo.DtoLayer", "Services\Cargo\Multishop.Cargo.DtoLayer\Multishop.Cargo.DtoLayer.csproj", "{0C09C399-E562-481C-A82B-BB3BE30CCF84}"
EndProject
Project("{2150E333-8FDC-42A3-9474-1A3956D46DE8}") = "Basket", "Basket", "{3BD60A46-67C5-4F8D-943D-FCDD513B3C46}"
EndProject
Project("{FAE04EC0-301F-11D3-BF4B-00C04F79EFBC}") = "Multishop.Basket", "Services\Basket\Multishop.Basket\Multishop.Basket.csproj", "{D2A27865-77F2-42BF-BC41-FF1CD14B688F}"
EndProject
Project("{2150E333-8FDC-42A3-9474-1A3956D46DE8}") = "Frontends", "Frontends", "{23918B39-E774-4427-87F6-F01F6663144C}"
EndProject
Project("{FAE04EC0-301F-11D3-BF4B-00C04F79EFBC}") = "Multishop.WebUI", "Frontends\Multishop.WebUI\Multishop.WebUI.csproj", "{D9BBBECE-0503-4442-AD87-55298F7B4A54}"
EndProject
Project("{FAE04EC0-301F-11D3-BF4B-00C04F79EFBC}") = "Multishop.DtoLayer", "Frontends\Multishop.DtoLayer\Multishop.DtoLayer.csproj", "{6E8CA38D-4C6F-4923-B57F-3132A8872219}"
EndProject
Project("{2150E333-8FDC-42A3-9474-1A3956D46DE8}") = "RabbitMQMessage", "RabbitMQMessage", "{AF0067EE-0880-4786-B174-286713E7A2D4}"
EndProject
Project("{FAE04EC0-301F-11D3-BF4B-00C04F79EFBC}") = "Multishop.RabbitMQMessageApi", "RabbitMQMessage\Multishop.RabbitMQMessageApi\Multishop.RabbitMQMessageApi.csproj", "{1505F82A-E516-4400-881B-55C3AED04E88}"
EndProject
Global
	GlobalSection(SolutionConfigurationPlatforms) = preSolution
		Debug|Any CPU = Debug|Any CPU
		Release|Any CPU = Release|Any CPU
	EndGlobalSection
	GlobalSection(ProjectConfigurationPlatforms) = postSolution
		{D7471AD1-952C-4E0D-9526-0F45824489A7}.Debug|Any CPU.ActiveCfg = Debug|Any CPU
		{D7471AD1-952C-4E0D-9526-0F45824489A7}.Debug|Any CPU.Build.0 = Debug|Any CPU
		{D7471AD1-952C-4E0D-9526-0F45824489A7}.Release|Any CPU.ActiveCfg = Release|Any CPU
		{D7471AD1-952C-4E0D-9526-0F45824489A7}.Release|Any CPU.Build.0 = Release|Any CPU
		{83854B05-C7A9-4FC8-A975-AF7419B3F408}.Debug|Any CPU.ActiveCfg = Debug|Any CPU
		{83854B05-C7A9-4FC8-A975-AF7419B3F408}.Debug|Any CPU.Build.0 = Debug|Any CPU
		{83854B05-C7A9-4FC8-A975-AF7419B3F408}.Release|Any CPU.ActiveCfg = Release|Any CPU
		{83854B05-C7A9-4FC8-A975-AF7419B3F408}.Release|Any CPU.Build.0 = Release|Any CPU
		{76FC04F0-70F3-4EB3-AF7E-2CE1663F6746}.Debug|Any CPU.ActiveCfg = Debug|Any CPU
		{76FC04F0-70F3-4EB3-AF7E-2CE1663F6746}.Debug|Any CPU.Build.0 = Debug|Any CPU
		{76FC04F0-70F3-4EB3-AF7E-2CE1663F6746}.Release|Any CPU.ActiveCfg = Release|Any CPU
		{76FC04F0-70F3-4EB3-AF7E-2CE1663F6746}.Release|Any CPU.Build.0 = Release|Any CPU
		{F17E4E65-1605-475D-B450-FCFF823F4BDF}.Debug|Any CPU.ActiveCfg = Debug|Any CPU
		{F17E4E65-1605-475D-B450-FCFF823F4BDF}.Debug|Any CPU.Build.0 = Debug|Any CPU
		{F17E4E65-1605-475D-B450-FCFF823F4BDF}.Release|Any CPU.ActiveCfg = Release|Any CPU
		{F17E4E65-1605-475D-B450-FCFF823F4BDF}.Release|Any CPU.Build.0 = Release|Any CPU
		{DFB020EE-F8E6-4891-BAE9-CA4849F8EF9E}.Debug|Any CPU.ActiveCfg = Debug|Any CPU
		{DFB020EE-F8E6-4891-BAE9-CA4849F8EF9E}.Debug|Any CPU.Build.0 = Debug|Any CPU
		{DFB020EE-F8E6-4891-BAE9-CA4849F8EF9E}.Release|Any CPU.ActiveCfg = Release|Any CPU
		{DFB020EE-F8E6-4891-BAE9-CA4849F8EF9E}.Release|Any CPU.Build.0 = Release|Any CPU
		{EEC7BB6D-1B2F-4BD7-846F-ABA340B3812F}.Debug|Any CPU.ActiveCfg = Debug|Any CPU
		{EEC7BB6D-1B2F-4BD7-846F-ABA340B3812F}.Debug|Any CPU.Build.0 = Debug|Any CPU
		{EEC7BB6D-1B2F-4BD7-846F-ABA340B3812F}.Release|Any CPU.ActiveCfg = Release|Any CPU
		{EEC7BB6D-1B2F-4BD7-846F-ABA340B3812F}.Release|Any CPU.Build.0 = Release|Any CPU
		{EA14094F-FB55-5ABC-1402-B4229C4AD0B1}.Debug|Any CPU.ActiveCfg = Debug|Any CPU
		{EA14094F-FB55-5ABC-1402-B4229C4AD0B1}.Debug|Any CPU.Build.0 = Debug|Any CPU
		{EA14094F-FB55-5ABC-1402-B4229C4AD0B1}.Release|Any CPU.ActiveCfg = Release|Any CPU
		{EA14094F-FB55-5ABC-1402-B4229C4AD0B1}.Release|Any CPU.Build.0 = Release|Any CPU
		{D77694F1-4653-43F8-AD47-C032877E12C3}.Debug|Any CPU.ActiveCfg = Debug|Any CPU
		{D77694F1-4653-43F8-AD47-C032877E12C3}.Debug|Any CPU.Build.0 = Debug|Any CPU
		{D77694F1-4653-43F8-AD47-C032877E12C3}.Release|Any CPU.ActiveCfg = Release|Any CPU
		{D77694F1-4653-43F8-AD47-C032877E12C3}.Release|Any CPU.Build.0 = Release|Any CPU
		{D97C986A-AC6F-4321-8835-39F7382E26B7}.Debug|Any CPU.ActiveCfg = Debug|Any CPU
		{D97C986A-AC6F-4321-8835-39F7382E26B7}.Debug|Any CPU.Build.0 = Debug|Any CPU
		{D97C986A-AC6F-4321-8835-39F7382E26B7}.Release|Any CPU.ActiveCfg = Release|Any CPU
		{D97C986A-AC6F-4321-8835-39F7382E26B7}.Release|Any CPU.Build.0 = Release|Any CPU
		{23360DDC-6831-4D5A-BEA1-EF81F59E045C}.Debug|Any CPU.ActiveCfg = Debug|Any CPU
		{23360DDC-6831-4D5A-BEA1-EF81F59E045C}.Debug|Any CPU.Build.0 = Debug|Any CPU
		{23360DDC-6831-4D5A-BEA1-EF81F59E045C}.Release|Any CPU.ActiveCfg = Release|Any CPU
		{23360DDC-6831-4D5A-BEA1-EF81F59E045C}.Release|Any CPU.Build.0 = Release|Any CPU
		{3ADB41B2-6A42-4287-ADDE-902D1932BBD1}.Debug|Any CPU.ActiveCfg = Debug|Any CPU
		{3ADB41B2-6A42-4287-ADDE-902D1932BBD1}.Debug|Any CPU.Build.0 = Debug|Any CPU
		{3ADB41B2-6A42-4287-ADDE-902D1932BBD1}.Release|Any CPU.ActiveCfg = Release|Any CPU
		{3ADB41B2-6A42-4287-ADDE-902D1932BBD1}.Release|Any CPU.Build.0 = Release|Any CPU
		{0C09C399-E562-481C-A82B-BB3BE30CCF84}.Debug|Any CPU.ActiveCfg = Debug|Any CPU
		{0C09C399-E562-481C-A82B-BB3BE30CCF84}.Debug|Any CPU.Build.0 = Debug|Any CPU
		{0C09C399-E562-481C-A82B-BB3BE30CCF84}.Release|Any CPU.ActiveCfg = Release|Any CPU
		{0C09C399-E562-481C-A82B-BB3BE30CCF84}.Release|Any CPU.Build.0 = Release|Any CPU
		{D2A27865-77F2-42BF-BC41-FF1CD14B688F}.Debug|Any CPU.ActiveCfg = Debug|Any CPU
		{D2A27865-77F2-42BF-BC41-FF1CD14B688F}.Debug|Any CPU.Build.0 = Debug|Any CPU
		{D2A27865-77F2-42BF-BC41-FF1CD14B688F}.Release|Any CPU.ActiveCfg = Release|Any CPU
		{D2A27865-77F2-42BF-BC41-FF1CD14B688F}.Release|Any CPU.Build.0 = Release|Any CPU
		{D9BBBECE-0503-4442-AD87-55298F7B4A54}.Debug|Any CPU.ActiveCfg = Debug|Any CPU
		{D9BBBECE-0503-4442-AD87-55298F7B4A54}.Debug|Any CPU.Build.0 = Debug|Any CPU
		{D9BBBECE-0503-4442-AD87-55298F7B4A54}.Release|Any CPU.ActiveCfg = Release|Any CPU
		{D9BBBECE-0503-4442-AD87-55298F7B4A54}.Release|Any CPU.Build.0 = Release|Any CPU
		{6E8CA38D-4C6F-4923-B57F-3132A8872219}.Debug|Any CPU.ActiveCfg = Debug|Any CPU
		{6E8CA38D-4C6F-4923-B57F-3132A8872219}.Debug|Any CPU.Build.0 = Debug|Any CPU
		{6E8CA38D-4C6F-4923-B57F-3132A8872219}.Release|Any CPU.ActiveCfg = Release|Any CPU
		{6E8CA38D-4C6F-4923-B57F-3132A8872219}.Release|Any CPU.Build.0 = Release|Any CPU
		{1505F82A-E516-4400-881B-55C3AED04E88}.Debug|Any CPU.ActiveCfg = Debug|Any CPU
		{1505F82A-E516-4400-881B-55C3AED04E88}.Debug|Any CPU.Build.0 = Debug|Any CPU
		{1505F82A-E516-4400-881B-55C3AED04E88}.Release|Any CPU.ActiveCfg = Release|Any CPU
		{1505F82A-E516-4400-881B-55C3AED04E88}.Release|Any CPU.Build.0 = Release|Any CPU
	EndGlobalSection
	GlobalSection(SolutionProperties) = preSolution
		HideSolutionNode = FALSE
	EndGlobalSection
	GlobalSection(NestedProjects) = preSolution
		{8198DC4A-51AB-496B-B0ED-9A81250DAB1B} = {2F4428FC-2C8C-400A-8BA8-040CED52522B}
		{D7471AD1-952C-4E0D-9526-0F45824489A7} = {8198DC4A-51AB-496B-B0ED-9A81250DAB1B}
		{02EA681E-C7D8-13C7-8484-4AC65E1B71E8} = {2F4428FC-2C8C-400A-8BA8-040CED52522B}
		{83854B05-C7A9-4FC8-A975-AF7419B3F408} = {02EA681E-C7D8-13C7-8484-4AC65E1B71E8}
		{ED7D77C6-18BF-468E-B73F-4F8520CB79F1} = {2F4428FC-2C8C-400A-8BA8-040CED52522B}
		{8E2F3201-EE0F-4A17-B6B2-B597B373E471} = {ED7D77C6-18BF-468E-B73F-4F8520CB79F1}
		{EA6A61DB-DB21-48BE-8C99-C77B0D717748} = {ED7D77C6-18BF-468E-B73F-4F8520CB79F1}
		{FDEB6A7F-C617-4F9A-878F-785A5CD24168} = {ED7D77C6-18BF-468E-B73F-4F8520CB79F1}
		{76FC04F0-70F3-4EB3-AF7E-2CE1663F6746} = {8E2F3201-EE0F-4A17-B6B2-B597B373E471}
		{F17E4E65-1605-475D-B450-FCFF823F4BDF} = {8E2F3201-EE0F-4A17-B6B2-B597B373E471}
		{DFB020EE-F8E6-4891-BAE9-CA4849F8EF9E} = {EA6A61DB-DB21-48BE-8C99-C77B0D717748}
		{EEC7BB6D-1B2F-4BD7-846F-ABA340B3812F} = {FDEB6A7F-C617-4F9A-878F-785A5CD24168}
		{EA14094F-FB55-5ABC-1402-B4229C4AD0B1} = {01D7C5BA-899D-4253-AC90-5BF3F3275DAB}
		{70C122EA-A3A1-4CB3-9039-D773EA9151A1} = {2F4428FC-2C8C-400A-8BA8-040CED52522B}
		{D77694F1-4653-43F8-AD47-C032877E12C3} = {70C122EA-A3A1-4CB3-9039-D773EA9151A1}
		{D97C986A-AC6F-4321-8835-39F7382E26B7} = {70C122EA-A3A1-4CB3-9039-D773EA9151A1}
		{23360DDC-6831-4D5A-BEA1-EF81F59E045C} = {70C122EA-A3A1-4CB3-9039-D773EA9151A1}
		{3ADB41B2-6A42-4287-ADDE-902D1932BBD1} = {70C122EA-A3A1-4CB3-9039-D773EA9151A1}
		{0C09C399-E562-481C-A82B-BB3BE30CCF84} = {70C122EA-A3A1-4CB3-9039-D773EA9151A1}
		{3BD60A46-67C5-4F8D-943D-FCDD513B3C46} = {2F4428FC-2C8C-400A-8BA8-040CED52522B}
		{D2A27865-77F2-42BF-BC41-FF1CD14B688F} = {3BD60A46-67C5-4F8D-943D-FCDD513B3C46}
		{D9BBBECE-0503-4442-AD87-55298F7B4A54} = {23918B39-E774-4427-87F6-F01F6663144C}
		{6E8CA38D-4C6F-4923-B57F-3132A8872219} = {23918B39-E774-4427-87F6-F01F6663144C}
		{AF0067EE-0880-4786-B174-286713E7A2D4} = {2F4428FC-2C8C-400A-8BA8-040CED52522B}
		{1505F82A-E516-4400-881B-55C3AED04E88} = {AF0067EE-0880-4786-B174-286713E7A2D4}
	EndGlobalSection
	GlobalSection(ExtensibilityGlobals) = postSolution
		SolutionGuid = {324206E8-C2A3-48BC-8A0E-62045C16B558}
	EndGlobalSection
EndGlobal
